
Microsoft Visual Studio Solution File, Format Version 12.00
# Visual Studio Version 17
VisualStudioVersion = 17.4.33205.214
MinimumVisualStudioVersion = 10.0.40219.1
Project("{FAE04EC0-301F-11D3-BF4B-00C04F79EFBC}") = "ProjFerrazIrrigacoes", "ProjFerrazIrrigacoes\ProjFerrazIrrigacoes.csproj", "{C740F795-DE43-444B-81F5-254B53EBA9E4}"
EndProject
Global
	GlobalSection(SolutionConfigurationPlatforms) = preSolution
		Debug|Any CPU = Debug|Any CPU
		Release|Any CPU = Release|Any CPU
	EndGlobalSection
	GlobalSection(ProjectConfigurationPlatforms) = postSolution
		{C740F795-DE43-444B-81F5-254B53EBA9E4}.Debug|Any CPU.ActiveCfg = Debug|Any CPU
		{C740F795-DE43-444B-81F5-254B53EBA9E4}.Debug|Any CPU.Build.0 = Debug|Any CPU
		{C740F795-DE43-444B-81F5-254B53EBA9E4}.Release|Any CPU.ActiveCfg = Release|Any CPU
		{C740F795-DE43-444B-81F5-254B53EBA9E4}.Release|Any CPU.Build.0 = Release|Any CPU
	EndGlobalSection
	GlobalSection(SolutionProperties) = preSolution
		HideSolutionNode = FALSE
	EndGlobalSection
	GlobalSection(ExtensibilityGlobals) = postSolution
		SolutionGuid = {716312E8-50EF-49DF-AAB4-45CA3B46B614}
	EndGlobalSection
EndGlobal
